
Microsoft Visual Studio Solution File, Format Version 12.00
# Visual Studio 14
VisualStudioVersion = 14.0.25420.1
MinimumVisualStudioVersion = 10.0.40219.1
Project("{FAE04EC0-301F-11D3-BF4B-00C04F79EFBC}") = "LearningDay1", "LearningDay1\LearningDay1.csproj", "{29E0787C-A7E2-46AB-8140-57FC2DB69C76}"
EndProject
Project("{FAE04EC0-301F-11D3-BF4B-00C04F79EFBC}") = "LearningDay2", "LearningDay2\LearningDay2.csproj", "{E8CFE520-B078-48D4-975F-77B4EE17AF75}"
EndProject
Project("{FAE04EC0-301F-11D3-BF4B-00C04F79EFBC}") = "LearningDay3", "LearningDay3\LearningDay3.csproj", "{47FDD5B6-6FB8-4C01-A416-63C609302A9D}"
EndProject
Project("{FAE04EC0-301F-11D3-BF4B-00C04F79EFBC}") = "LearningDay4", "LearningDay4\LearningDay4.csproj", "{3E134C94-6CA6-425C-9357-F63D82C0C5B6}"
EndProject
Project("{FAE04EC0-301F-11D3-BF4B-00C04F79EFBC}") = "LearningDay5", "LearningDay5\LearningDay5.csproj", "{571E89A5-AD53-432F-87A1-0319DC980C63}"
EndProject
Global
	GlobalSection(SolutionConfigurationPlatforms) = preSolution
		Debug|Any CPU = Debug|Any CPU
		Release|Any CPU = Release|Any CPU
	EndGlobalSection
	GlobalSection(ProjectConfigurationPlatforms) = postSolution
		{29E0787C-A7E2-46AB-8140-57FC2DB69C76}.Debug|Any CPU.ActiveCfg = Debug|Any CPU
		{29E0787C-A7E2-46AB-8140-57FC2DB69C76}.Debug|Any CPU.Build.0 = Debug|Any CPU
		{29E0787C-A7E2-46AB-8140-57FC2DB69C76}.Release|Any CPU.ActiveCfg = Release|Any CPU
		{29E0787C-A7E2-46AB-8140-57FC2DB69C76}.Release|Any CPU.Build.0 = Release|Any CPU
		{E8CFE520-B078-48D4-975F-77B4EE17AF75}.Debug|Any CPU.ActiveCfg = Debug|Any CPU
		{E8CFE520-B078-48D4-975F-77B4EE17AF75}.Debug|Any CPU.Build.0 = Debug|Any CPU
		{E8CFE520-B078-48D4-975F-77B4EE17AF75}.Release|Any CPU.ActiveCfg = Release|Any CPU
		{E8CFE520-B078-48D4-975F-77B4EE17AF75}.Release|Any CPU.Build.0 = Release|Any CPU
		{47FDD5B6-6FB8-4C01-A416-63C609302A9D}.Debug|Any CPU.ActiveCfg = Debug|Any CPU
		{47FDD5B6-6FB8-4C01-A416-63C609302A9D}.Debug|Any CPU.Build.0 = Debug|Any CPU
		{47FDD5B6-6FB8-4C01-A416-63C609302A9D}.Release|Any CPU.ActiveCfg = Release|Any CPU
		{47FDD5B6-6FB8-4C01-A416-63C609302A9D}.Release|Any CPU.Build.0 = Release|Any CPU
		{3E134C94-6CA6-425C-9357-F63D82C0C5B6}.Debug|Any CPU.ActiveCfg = Debug|Any CPU
		{3E134C94-6CA6-425C-9357-F63D82C0C5B6}.Debug|Any CPU.Build.0 = Debug|Any CPU
		{3E134C94-6CA6-425C-9357-F63D82C0C5B6}.Release|Any CPU.ActiveCfg = Release|Any CPU
		{3E134C94-6CA6-425C-9357-F63D82C0C5B6}.Release|Any CPU.Build.0 = Release|Any CPU
		{571E89A5-AD53-432F-87A1-0319DC980C63}.Debug|Any CPU.ActiveCfg = Debug|Any CPU
		{571E89A5-AD53-432F-87A1-0319DC980C63}.Debug|Any CPU.Build.0 = Debug|Any CPU
		{571E89A5-AD53-432F-87A1-0319DC980C63}.Release|Any CPU.ActiveCfg = Release|Any CPU
		{571E89A5-AD53-432F-87A1-0319DC980C63}.Release|Any CPU.Build.0 = Release|Any CPU
	EndGlobalSection
	GlobalSection(SolutionProperties) = preSolution
		HideSolutionNode = FALSE
	EndGlobalSection
EndGlobal
